
Microsoft Visual Studio Solution File, Format Version 12.00
# Visual Studio 2013
VisualStudioVersion = 12.0.21005.1
MinimumVisualStudioVersion = 10.0.40219.1
Project("{FAE04EC0-301F-11D3-BF4B-00C04F79EFBC}") = "Problem 1", "Problem 1\Problem 1.csproj", "{DF89A96E-CF33-44DC-9EE4-7600A11C36B9}"
EndProject
Project("{FAE04EC0-301F-11D3-BF4B-00C04F79EFBC}") = "02. Drunken Number", "02. Drunken Number\02. Drunken Number.csproj", "{950AE162-A570-4D54-938A-04D4164F5B1A}"
EndProject
Project("{FAE04EC0-301F-11D3-BF4B-00C04F79EFBC}") = "03. Bulls and Cows", "03. Bulls and Cows\03. Bulls and Cows.csproj", "{5FFD367E-91B4-4172-8ADA-A20E86560348}"
EndProject
Project("{FAE04EC0-301F-11D3-BF4B-00C04F79EFBC}") = "01.Evening Garden", "01.Evening Garden\01.Evening Garden.csproj", "{7C0B0F07-5D70-4A6F-958C-0C80F876F134}"
EndProject
Project("{FAE04EC0-301F-11D3-BF4B-00C04F79EFBC}") = "02. Evening The Secrets of Numbers", "02. Evening The Secrets of Numbers\02. Evening The Secrets of Numbers.csproj", "{472A49FA-5FBA-43AF-BAE8-567191725FA7}"
EndProject
Project("{FAE04EC0-301F-11D3-BF4B-00C04F79EFBC}") = "03. ConsoleApplication1", "03. ConsoleApplication1\03. ConsoleApplication1.csproj", "{F0C0F77A-A21E-4C38-80C3-AC7FBC9814D2}"
EndProject
Global
	GlobalSection(SolutionConfigurationPlatforms) = preSolution
		Debug|Any CPU = Debug|Any CPU
		Release|Any CPU = Release|Any CPU
	EndGlobalSection
	GlobalSection(ProjectConfigurationPlatforms) = postSolution
		{DF89A96E-CF33-44DC-9EE4-7600A11C36B9}.Debug|Any CPU.ActiveCfg = Debug|Any CPU
		{DF89A96E-CF33-44DC-9EE4-7600A11C36B9}.Debug|Any CPU.Build.0 = Debug|Any CPU
		{DF89A96E-CF33-44DC-9EE4-7600A11C36B9}.Release|Any CPU.ActiveCfg = Release|Any CPU
		{DF89A96E-CF33-44DC-9EE4-7600A11C36B9}.Release|Any CPU.Build.0 = Release|Any CPU
		{950AE162-A570-4D54-938A-04D4164F5B1A}.Debug|Any CPU.ActiveCfg = Debug|Any CPU
		{950AE162-A570-4D54-938A-04D4164F5B1A}.Debug|Any CPU.Build.0 = Debug|Any CPU
		{950AE162-A570-4D54-938A-04D4164F5B1A}.Release|Any CPU.ActiveCfg = Release|Any CPU
		{950AE162-A570-4D54-938A-04D4164F5B1A}.Release|Any CPU.Build.0 = Release|Any CPU
		{5FFD367E-91B4-4172-8ADA-A20E86560348}.Debug|Any CPU.ActiveCfg = Debug|Any CPU
		{5FFD367E-91B4-4172-8ADA-A20E86560348}.Debug|Any CPU.Build.0 = Debug|Any CPU
		{5FFD367E-91B4-4172-8ADA-A20E86560348}.Release|Any CPU.ActiveCfg = Release|Any CPU
		{5FFD367E-91B4-4172-8ADA-A20E86560348}.Release|Any CPU.Build.0 = Release|Any CPU
		{7C0B0F07-5D70-4A6F-958C-0C80F876F134}.Debug|Any CPU.ActiveCfg = Debug|Any CPU
		{7C0B0F07-5D70-4A6F-958C-0C80F876F134}.Debug|Any CPU.Build.0 = Debug|Any CPU
		{7C0B0F07-5D70-4A6F-958C-0C80F876F134}.Release|Any CPU.ActiveCfg = Release|Any CPU
		{7C0B0F07-5D70-4A6F-958C-0C80F876F134}.Release|Any CPU.Build.0 = Release|Any CPU
		{472A49FA-5FBA-43AF-BAE8-567191725FA7}.Debug|Any CPU.ActiveCfg = Debug|Any CPU
		{472A49FA-5FBA-43AF-BAE8-567191725FA7}.Debug|Any CPU.Build.0 = Debug|Any CPU
		{472A49FA-5FBA-43AF-BAE8-567191725FA7}.Release|Any CPU.ActiveCfg = Release|Any CPU
		{472A49FA-5FBA-43AF-BAE8-567191725FA7}.Release|Any CPU.Build.0 = Release|Any CPU
		{F0C0F77A-A21E-4C38-80C3-AC7FBC9814D2}.Debug|Any CPU.ActiveCfg = Debug|Any CPU
		{F0C0F77A-A21E-4C38-80C3-AC7FBC9814D2}.Debug|Any CPU.Build.0 = Debug|Any CPU
		{F0C0F77A-A21E-4C38-80C3-AC7FBC9814D2}.Release|Any CPU.ActiveCfg = Release|Any CPU
		{F0C0F77A-A21E-4C38-80C3-AC7FBC9814D2}.Release|Any CPU.Build.0 = Release|Any CPU
	EndGlobalSection
	GlobalSection(SolutionProperties) = preSolution
		HideSolutionNode = FALSE
	EndGlobalSection
EndGlobal
