
Microsoft Visual Studio Solution File, Format Version 12.00
# Visual Studio 2013
VisualStudioVersion = 12.0.21005.1
MinimumVisualStudioVersion = 10.0.40219.1
Project("{FAE04EC0-301F-11D3-BF4B-00C04F79EFBC}") = "2015 Exam", "2015 Exam\2015 Exam.csproj", "{EBF0D137-B851-479F-9CD9-C3F35C7F59C9}"
EndProject
Project("{FAE04EC0-301F-11D3-BF4B-00C04F79EFBC}") = "2. Text to Number", "2. Text to Number\2. Text to Number.csproj", "{21095F0D-A14A-414B-82A8-07CDF15FE22F}"
EndProject
Project("{FAE04EC0-301F-11D3-BF4B-00C04F79EFBC}") = "03.Saddy Kopper", "03.Saddy Kopper\03.Saddy Kopper.csproj", "{2217B395-9BDA-4D02-BCC6-3ED72374278A}"
EndProject
Global
	GlobalSection(SolutionConfigurationPlatforms) = preSolution
		Debug|Any CPU = Debug|Any CPU
		Release|Any CPU = Release|Any CPU
	EndGlobalSection
	GlobalSection(ProjectConfigurationPlatforms) = postSolution
		{EBF0D137-B851-479F-9CD9-C3F35C7F59C9}.Debug|Any CPU.ActiveCfg = Debug|Any CPU
		{EBF0D137-B851-479F-9CD9-C3F35C7F59C9}.Debug|Any CPU.Build.0 = Debug|Any CPU
		{EBF0D137-B851-479F-9CD9-C3F35C7F59C9}.Release|Any CPU.ActiveCfg = Release|Any CPU
		{EBF0D137-B851-479F-9CD9-C3F35C7F59C9}.Release|Any CPU.Build.0 = Release|Any CPU
		{21095F0D-A14A-414B-82A8-07CDF15FE22F}.Debug|Any CPU.ActiveCfg = Debug|Any CPU
		{21095F0D-A14A-414B-82A8-07CDF15FE22F}.Debug|Any CPU.Build.0 = Debug|Any CPU
		{21095F0D-A14A-414B-82A8-07CDF15FE22F}.Release|Any CPU.ActiveCfg = Release|Any CPU
		{21095F0D-A14A-414B-82A8-07CDF15FE22F}.Release|Any CPU.Build.0 = Release|Any CPU
		{2217B395-9BDA-4D02-BCC6-3ED72374278A}.Debug|Any CPU.ActiveCfg = Debug|Any CPU
		{2217B395-9BDA-4D02-BCC6-3ED72374278A}.Debug|Any CPU.Build.0 = Debug|Any CPU
		{2217B395-9BDA-4D02-BCC6-3ED72374278A}.Release|Any CPU.ActiveCfg = Release|Any CPU
		{2217B395-9BDA-4D02-BCC6-3ED72374278A}.Release|Any CPU.Build.0 = Release|Any CPU
	EndGlobalSection
	GlobalSection(SolutionProperties) = preSolution
		HideSolutionNode = FALSE
	EndGlobalSection
EndGlobal
